// !$*UTF8*$!
{
	archiveVersion = 1;
	classes = {
	};
	objectVersion = 50;
	objects = {

/* Begin PBXBuildFile section */
		F7E3620920BC094D001C53E1 /* AppDelegate.swift in Sources */ = {isa = PBXBuildFile; fileRef = F7E3620820BC094D001C53E1 /* AppDelegate.swift */; };
		F7E3620B20BC094D001C53E1 /* ViewController.swift in Sources */ = {isa = PBXBuildFile; fileRef = F7E3620A20BC094D001C53E1 /* ViewController.swift */; };
		F7E3620E20BC094D001C53E1 /* Main.storyboard in Resources */ = {isa = PBXBuildFile; fileRef = F7E3620C20BC094D001C53E1 /* Main.storyboard */; };
		F7E3621020BC0953001C53E1 /* Assets.xcassets in Resources */ = {isa = PBXBuildFile; fileRef = F7E3620F20BC0953001C53E1 /* Assets.xcassets */; };
		F7E3621320BC0953001C53E1 /* LaunchScreen.storyboard in Resources */ = {isa = PBXBuildFile; fileRef = F7E3621120BC0953001C53E1 /* LaunchScreen.storyboard */; };
		F7E3621E20BC0953001C53E1 /* KJSwipeButtonTests.swift in Sources */ = {isa = PBXBuildFile; fileRef = F7E3621D20BC0953001C53E1 /* KJSwipeButtonTests.swift */; };
		F7E3622920BC0953001C53E1 /* KJSwipeButtonUITests.swift in Sources */ = {isa = PBXBuildFile; fileRef = F7E3622820BC0953001C53E1 /* KJSwipeButtonUITests.swift */; };
/* End PBXBuildFile section */

/* Begin PBXContainerItemProxy section */
		F7E3621A20BC0953001C53E1 /* PBXContainerItemProxy */ = {
			isa = PBXContainerItemProxy;
			containerPortal = F7E361FD20BC094D001C53E1 /* Project object */;
			proxyType = 1;
			remoteGlobalIDString = F7E3620420BC094D001C53E1;
			remoteInfo = KJSwipeButton;
		};
		F7E3622520BC0953001C53E1 /* PBXContainerItemProxy */ = {
			isa = PBXContainerItemProxy;
			containerPortal = F7E361FD20BC094D001C53E1 /* Project object */;
			proxyType = 1;
			remoteGlobalIDString = F7E3620420BC094D001C53E1;
			remoteInfo = KJSwipeButton;
		};
/* End PBXContainerItemProxy section */

/* Begin PBXFileReference section */
		F7E3620520BC094D001C53E1 /* KJSwipeButton.app */ = {isa = PBXFileReference; explicitFileType = wrapper.application; includeInIndex = 0; path = KJSwipeButton.app; sourceTree = BUILT_PRODUCTS_DIR; };
		F7E3620820BC094D001C53E1 /* AppDelegate.swift */ = {isa = PBXFileReference; lastKnownFileType = sourcecode.swift; path = AppDelegate.swift; sourceTree = "<group>"; };
		F7E3620A20BC094D001C53E1 /* ViewController.swift */ = {isa = PBXFileReference; lastKnownFileType = sourcecode.swift; path = ViewController.swift; sourceTree = "<group>"; };
		F7E3620D20BC094D001C53E1 /* Base */ = {isa = PBXFileReference; lastKnownFileType = file.storyboard; name = Base; path = Base.lproj/Main.storyboard; sourceTree = "<group>"; };
		F7E3620F20BC0953001C53E1 /* Assets.xcassets */ = {isa = PBXFileReference; lastKnownFileType = folder.assetcatalog; path = Assets.xcassets; sourceTree = "<group>"; };
		F7E3621220BC0953001C53E1 /* Base */ = {isa = PBXFileReference; lastKnownFileType = file.storyboard; name = Base; path = Base.lproj/LaunchScreen.storyboard; sourceTree = "<group>"; };
		F7E3621420BC0953001C53E1 /* Info.plist */ = {isa = PBXFileReference; lastKnownFileType = text.plist.xml; path = Info.plist; sourceTree = "<group>"; };
		F7E3621920BC0953001C53E1 /* KJSwipeButtonTests.xctest */ = {isa = PBXFileReference; explicitFileType = wrapper.cfbundle; includeInIndex = 0; path = KJSwipeButtonTests.xctest; sourceTree = BUILT_PRODUCTS_DIR; };
		F7E3621D20BC0953001C53E1 /* KJSwipeButtonTests.swift */ = {isa = PBXFileReference; lastKnownFileType = sourcecode.swift; path = KJSwipeButtonTests.swift; sourceTree = "<group>"; };
		F7E3621F20BC0953001C53E1 /* Info.plist */ = {isa = PBXFileReference; lastKnownFileType = text.plist.xml; path = Info.plist; sourceTree = "<group>"; };
		F7E3622420BC0953001C53E1 /* KJSwipeButtonUITests.xctest */ = {isa = PBXFileReference; explicitFileType = wrapper.cfbundle; includeInIndex = 0; path = KJSwipeButtonUITests.xctest; sourceTree = BUILT_PRODUCTS_DIR; };
		F7E3622820BC0953001C53E1 /* KJSwipeButtonUITests.swift */ = {isa = PBXFileReference; lastKnownFileType = sourcecode.swift; path = KJSwipeButtonUITests.swift; sourceTree = "<group>"; };
		F7E3622A20BC0953001C53E1 /* Info.plist */ = {isa = PBXFileReference; lastKnownFileType = text.plist.xml; path = Info.plist; sourceTree = "<group>"; };
/* End PBXFileReference section */

/* Begin PBXFrameworksBuildPhase section */
		F7E3620220BC094D001C53E1 /* Frameworks */ = {
			isa = PBXFrameworksBuildPhase;
			buildActionMask = 2147483647;
			files = (
			);
			runOnlyForDeploymentPostprocessing = 0;
		};
		F7E3621620BC0953001C53E1 /* Frameworks */ = {
			isa = PBXFrameworksBuildPhase;
			buildActionMask = 2147483647;
			files = (
			);
			runOnlyForDeploymentPostprocessing = 0;
		};
		F7E3622120BC0953001C53E1 /* Frameworks */ = {
			isa = PBXFrameworksBuildPhase;
			buildActionMask = 2147483647;
			files = (
			);
			runOnlyForDeploymentPostprocessing = 0;
		};
/* End PBXFrameworksBuildPhase section */

/* Begin PBXGroup section */
		F7E361FC20BC094D001C53E1 = {
			isa = PBXGroup;
			children = (
				F7E3620720BC094D001C53E1 /* KJSwipeButton */,
				F7E3621C20BC0953001C53E1 /* KJSwipeButtonTests */,
				F7E3622720BC0953001C53E1 /* KJSwipeButtonUITests */,
				F7E3620620BC094D001C53E1 /* Products */,
			);
			sourceTree = "<group>";
		};
		F7E3620620BC094D001C53E1 /* Products */ = {
			isa = PBXGroup;
			children = (
				F7E3620520BC094D001C53E1 /* KJSwipeButton.app */,
				F7E3621920BC0953001C53E1 /* KJSwipeButtonTests.xctest */,
				F7E3622420BC0953001C53E1 /* KJSwipeButtonUITests.xctest */,
			);
			name = Products;
			sourceTree = "<group>";
		};
		F7E3620720BC094D001C53E1 /* KJSwipeButton */ = {
			isa = PBXGroup;
			children = (
				F7E3620820BC094D001C53E1 /* AppDelegate.swift */,
				F7E3620A20BC094D001C53E1 /* ViewController.swift */,
				F7E3620C20BC094D001C53E1 /* Main.storyboard */,
				F7E3620F20BC0953001C53E1 /* Assets.xcassets */,
				F7E3621120BC0953001C53E1 /* LaunchScreen.storyboard */,
				F7E3621420BC0953001C53E1 /* Info.plist */,
			);
			path = KJSwipeButton;
			sourceTree = "<group>";
		};
		F7E3621C20BC0953001C53E1 /* KJSwipeButtonTests */ = {
			isa = PBXGroup;
			children = (
				F7E3621D20BC0953001C53E1 /* KJSwipeButtonTests.swift */,
				F7E3621F20BC0953001C53E1 /* Info.plist */,
			);
			path = KJSwipeButtonTests;
			sourceTree = "<group>";
		};
		F7E3622720BC0953001C53E1 /* KJSwipeButtonUITests */ = {
			isa = PBXGroup;
			children = (
				F7E3622820BC0953001C53E1 /* KJSwipeButtonUITests.swift */,
				F7E3622A20BC0953001C53E1 /* Info.plist */,
			);
			path = KJSwipeButtonUITests;
			sourceTree = "<group>";
		};
/* End PBXGroup section */

/* Begin PBXNativeTarget section */
		F7E3620420BC094D001C53E1 /* KJSwipeButton */ = {
			isa = PBXNativeTarget;
			buildConfigurationList = F7E3622D20BC0953001C53E1 /* Build configuration list for PBXNativeTarget "KJSwipeButton" */;
			buildPhases = (
				F7E3620120BC094D001C53E1 /* Sources */,
				F7E3620220BC094D001C53E1 /* Frameworks */,
				F7E3620320BC094D001C53E1 /* Resources */,
			);
			buildRules = (
			);
			dependencies = (
			);
			name = KJSwipeButton;
			productName = KJSwipeButton;
			productReference = F7E3620520BC094D001C53E1 /* KJSwipeButton.app */;
			productType = "com.apple.product-type.application";
		};
		F7E3621820BC0953001C53E1 /* KJSwipeButtonTests */ = {
			isa = PBXNativeTarget;
			buildConfigurationList = F7E3623020BC0953001C53E1 /* Build configuration list for PBXNativeTarget "KJSwipeButtonTests" */;
			buildPhases = (
				F7E3621520BC0953001C53E1 /* Sources */,
				F7E3621620BC0953001C53E1 /* Frameworks */,
				F7E3621720BC0953001C53E1 /* Resources */,
			);
			buildRules = (
			);
			dependencies = (
				F7E3621B20BC0953001C53E1 /* PBXTargetDependency */,
			);
			name = KJSwipeButtonTests;
			productName = KJSwipeButtonTests;
			productReference = F7E3621920BC0953001C53E1 /* KJSwipeButtonTests.xctest */;
			productType = "com.apple.product-type.bundle.unit-test";
		};
		F7E3622320BC0953001C53E1 /* KJSwipeButtonUITests */ = {
			isa = PBXNativeTarget;
			buildConfigurationList = F7E3623320BC0953001C53E1 /* Build configuration list for PBXNativeTarget "KJSwipeButtonUITests" */;
			buildPhases = (
				F7E3622020BC0953001C53E1 /* Sources */,
				F7E3622120BC0953001C53E1 /* Frameworks */,
				F7E3622220BC0953001C53E1 /* Resources */,
			);
			buildRules = (
			);
			dependencies = (
				F7E3622620BC0953001C53E1 /* PBXTargetDependency */,
			);
			name = KJSwipeButtonUITests;
			productName = KJSwipeButtonUITests;
			productReference = F7E3622420BC0953001C53E1 /* KJSwipeButtonUITests.xctest */;
			productType = "com.apple.product-type.bundle.ui-testing";
		};
/* End PBXNativeTarget section */

/* Begin PBXProject section */
		F7E361FD20BC094D001C53E1 /* Project object */ = {
			isa = PBXProject;
			attributes = {
				LastSwiftUpdateCheck = 0930;
				LastUpgradeCheck = 0930;
				ORGANIZATIONNAME = Artifex;
				TargetAttributes = {
					F7E3620420BC094D001C53E1 = {
						CreatedOnToolsVersion = 9.3;
					};
					F7E3621820BC0953001C53E1 = {
						CreatedOnToolsVersion = 9.3;
						TestTargetID = F7E3620420BC094D001C53E1;
					};
					F7E3622320BC0953001C53E1 = {
						CreatedOnToolsVersion = 9.3;
						TestTargetID = F7E3620420BC094D001C53E1;
					};
				};
			};
			buildConfigurationList = F7E3620020BC094D001C53E1 /* Build configuration list for PBXProject "KJSwipeButton" */;
			compatibilityVersion = "Xcode 9.3";
			developmentRegion = en;
			hasScannedForEncodings = 0;
			knownRegions = (
				en,
				Base,
			);
			mainGroup = F7E361FC20BC094D001C53E1;
			productRefGroup = F7E3620620BC094D001C53E1 /* Products */;
			projectDirPath = "";
			projectRoot = "";
			targets = (
				F7E3620420BC094D001C53E1 /* KJSwipeButton */,
				F7E3621820BC0953001C53E1 /* KJSwipeButtonTests */,
				F7E3622320BC0953001C53E1 /* KJSwipeButtonUITests */,
			);
		};
/* End PBXProject section */

/* Begin PBXResourcesBuildPhase section */
		F7E3620320BC094D001C53E1 /* Resources */ = {
			isa = PBXResourcesBuildPhase;
			buildActionMask = 2147483647;
			files = (
				F7E3621320BC0953001C53E1 /* LaunchScreen.storyboard in Resources */,
				F7E3621020BC0953001C53E1 /* Assets.xcassets in Resources */,
				F7E3620E20BC094D001C53E1 /* Main.storyboard in Resources */,
			);
			runOnlyForDeploymentPostprocessing = 0;
		};
		F7E3621720BC0953001C53E1 /* Resources */ = {
			isa = PBXResourcesBuildPhase;
			buildActionMask = 2147483647;
			files = (
			);
			runOnlyForDeploymentPostprocessing = 0;
		};
		F7E3622220BC0953001C53E1 /* Resources */ = {
			isa = PBXResourcesBuildPhase;
			buildActionMask = 2147483647;
			files = (
			);
			runOnlyForDeploymentPostprocessing = 0;
		};
/* End PBXResourcesBuildPhase section */

/* Begin PBXSourcesBuildPhase section */
		F7E3620120BC094D001C53E1 /* Sources */ = {
			isa = PBXSourcesBuildPhase;
			buildActionMask = 2147483647;
			files = (
				F7E3620B20BC094D001C53E1 /* ViewController.swift in Sources */,
				F7E3620920BC094D001C53E1 /* AppDelegate.swift in Sources */,
			);
			runOnlyForDeploymentPostprocessing = 0;
		};
		F7E3621520BC0953001C53E1 /* Sources */ = {
			isa = PBXSourcesBuildPhase;
			buildActionMask = 2147483647;
			files = (
				F7E3621E20BC0953001C53E1 /* KJSwipeButtonTests.swift in Sources */,
			);
			runOnlyForDeploymentPostprocessing = 0;
		};
		F7E3622020BC0953001C53E1 /* Sources */ = {
			isa = PBXSourcesBuildPhase;
			buildActionMask = 2147483647;
			files = (
				F7E3622920BC0953001C53E1 /* KJSwipeButtonUITests.swift in Sources */,
			);
			runOnlyForDeploymentPostprocessing = 0;
		};
/* End PBXSourcesBuildPhase section */

/* Begin PBXTargetDependency section */
		F7E3621B20BC0953001C53E1 /* PBXTargetDependency */ = {
			isa = PBXTargetDependency;
			target = F7E3620420BC094D001C53E1 /* KJSwipeButton */;
			targetProxy = F7E3621A20BC0953001C53E1 /* PBXContainerItemProxy */;
		};
		F7E3622620BC0953001C53E1 /* PBXTargetDependency */ = {
			isa = PBXTargetDependency;
			target = F7E3620420BC094D001C53E1 /* KJSwipeButton */;
			targetProxy = F7E3622520BC0953001C53E1 /* PBXContainerItemProxy */;
		};
/* End PBXTargetDependency section */

/* Begin PBXVariantGroup section */
		F7E3620C20BC094D001C53E1 /* Main.storyboard */ = {
			isa = PBXVariantGroup;
			children = (
				F7E3620D20BC094D001C53E1 /* Base */,
			);
			name = Main.storyboard;
			sourceTree = "<group>";
		};
		F7E3621120BC0953001C53E1 /* LaunchScreen.storyboard */ = {
			isa = PBXVariantGroup;
			children = (
				F7E3621220BC0953001C53E1 /* Base */,
			);
			name = LaunchScreen.storyboard;
			sourceTree = "<group>";
		};
/* End PBXVariantGroup section */

/* Begin XCBuildConfiguration section */
		F7E3622B20BC0953001C53E1 /* Debug */ = {
			isa = XCBuildConfiguration;
			buildSettings = {
				ALWAYS_SEARCH_USER_PATHS = NO;
				CLANG_ANALYZER_NONNULL = YES;
				CLANG_ANALYZER_NUMBER_OBJECT_CONVERSION = YES_AGGRESSIVE;
				CLANG_CXX_LANGUAGE_STANDARD = "gnu++14";
				CLANG_CXX_LIBRARY = "libc++";
				CLANG_ENABLE_MODULES = YES;
				CLANG_ENABLE_OBJC_ARC = YES;
				CLANG_ENABLE_OBJC_WEAK = YES;
				CLANG_WARN_BLOCK_CAPTURE_AUTORELEASING = YES;
				CLANG_WARN_BOOL_CONVERSION = YES;
				CLANG_WARN_COMMA = YES;
				CLANG_WARN_CONSTANT_CONVERSION = YES;
				CLANG_WARN_DEPRECATED_OBJC_IMPLEMENTATIONS = YES;
				CLANG_WARN_DIRECT_OBJC_ISA_USAGE = YES_ERROR;
				CLANG_WARN_DOCUMENTATION_COMMENTS = YES;
				CLANG_WARN_EMPTY_BODY = YES;
				CLANG_WARN_ENUM_CONVERSION = YES;
				CLANG_WARN_INFINITE_RECURSION = YES;
				CLANG_WARN_INT_CONVERSION = YES;
				CLANG_WARN_NON_LITERAL_NULL_CONVERSION = YES;
				CLANG_WARN_OBJC_IMPLICIT_RETAIN_SELF = YES;
				CLANG_WARN_OBJC_LITERAL_CONVERSION = YES;
				CLANG_WARN_OBJC_ROOT_CLASS = YES_ERROR;
				CLANG_WARN_RANGE_LOOP_ANALYSIS = YES;
				CLANG_WARN_STRICT_PROTOTYPES = YES;
				CLANG_WARN_SUSPICIOUS_MOVE = YES;
				CLANG_WARN_UNGUARDED_AVAILABILITY = YES_AGGRESSIVE;
				CLANG_WARN_UNREACHABLE_CODE = YES;
				CLANG_WARN__DUPLICATE_METHOD_MATCH = YES;
				CODE_SIGN_IDENTITY = "iPhone Developer";
				COPY_PHASE_STRIP = NO;
				DEBUG_INFORMATION_FORMAT = dwarf;
				ENABLE_STRICT_OBJC_MSGSEND = YES;
				ENABLE_TESTABILITY = YES;
				GCC_C_LANGUAGE_STANDARD = gnu11;
				GCC_DYNAMIC_NO_PIC = NO;
				GCC_NO_COMMON_BLOCKS = YES;
				GCC_OPTIMIZATION_LEVEL = 0;
				GCC_PREPROCESSOR_DEFINITIONS = (
					"DEBUG=1",
					"$(inherited)",
				);
				GCC_WARN_64_TO_32_BIT_CONVERSION = YES;
				GCC_WARN_ABOUT_RETURN_TYPE = YES_ERROR;
				GCC_WARN_UNDECLARED_SELECTOR = YES;
				GCC_WARN_UNINITIALIZED_AUTOS = YES_AGGRESSIVE;
				GCC_WARN_UNUSED_FUNCTION = YES;
				GCC_WARN_UNUSED_VARIABLE = YES;
				IPHONEOS_DEPLOYMENT_TARGET = 11.3;
				MTL_ENABLE_DEBUG_INFO = YES;
				ONLY_ACTIVE_ARCH = YES;
				SDKROOT = iphoneos;
				SWIFT_ACTIVE_COMPILATION_CONDITIONS = DEBUG;
				SWIFT_OPTIMIZATION_LEVEL = "-Onone";
			};
			name = Debug;
		};
		F7E3622C20BC0953001C53E1 /* Release */ = {
			isa = XCBuildConfiguration;
			buildSettings = {
				ALWAYS_SEARCH_USER_PATHS = NO;
				CLANG_ANALYZER_NONNULL = YES;
				CLANG_ANALYZER_NUMBER_OBJECT_CONVERSION = YES_AGGRESSIVE;
				CLANG_CXX_LANGUAGE_STANDARD = "gnu++14";
				CLANG_CXX_LIBRARY = "libc++";
				CLANG_ENABLE_MODULES = YES;
				CLANG_ENABLE_OBJC_ARC = YES;
				CLANG_ENABLE_OBJC_WEAK = YES;
				CLANG_WARN_BLOCK_CAPTURE_AUTORELEASING = YES;
				CLANG_WARN_BOOL_CONVERSION = YES;
				CLANG_WARN_COMMA = YES;
				CLANG_WARN_CONSTANT_CONVERSION = YES;
				CLANG_WARN_DEPRECATED_OBJC_IMPLEMENTATIONS = YES;
				CLANG_WARN_DIRECT_OBJC_ISA_USAGE = YES_ERROR;
				CLANG_WARN_DOCUMENTATION_COMMENTS = YES;
				CLANG_WARN_EMPTY_BODY = YES;
				CLANG_WARN_ENUM_CONVERSION = YES;
				CLANG_WARN_INFINITE_RECURSION = YES;
				CLANG_WARN_INT_CONVERSION = YES;
				CLANG_WARN_NON_LITERAL_NULL_CONVERSION = YES;
				CLANG_WARN_OBJC_IMPLICIT_RETAIN_SELF = YES;
				CLANG_WARN_OBJC_LITERAL_CONVERSION = YES;
				CLANG_WARN_OBJC_ROOT_CLASS = YES_ERROR;
				CLANG_WARN_RANGE_LOOP_ANALYSIS = YES;
				CLANG_WARN_STRICT_PROTOTYPES = YES;
				CLANG_WARN_SUSPICIOUS_MOVE = YES;
				CLANG_WARN_UNGUARDED_AVAILABILITY = YES_AGGRESSIVE;
				CLANG_WARN_UNREACHABLE_CODE = YES;
				CLANG_WARN__DUPLICATE_METHOD_MATCH = YES;
				CODE_SIGN_IDENTITY = "iPhone Developer";
				COPY_PHASE_STRIP = NO;
				DEBUG_INFORMATION_FORMAT = "dwarf-with-dsym";
				ENABLE_NS_ASSERTIONS = NO;
				ENABLE_STRICT_OBJC_MSGSEND = YES;
				GCC_C_LANGUAGE_STANDARD = gnu11;
				GCC_NO_COMMON_BLOCKS = YES;
				GCC_WARN_64_TO_32_BIT_CONVERSION = YES;
				GCC_WARN_ABOUT_RETURN_TYPE = YES_ERROR;
				GCC_WARN_UNDECLARED_SELECTOR = YES;
				GCC_WARN_UNINITIALIZED_AUTOS = YES_AGGRESSIVE;
				GCC_WARN_UNUSED_FUNCTION = YES;
				GCC_WARN_UNUSED_VARIABLE = YES;
				IPHONEOS_DEPLOYMENT_TARGET = 11.3;
				MTL_ENABLE_DEBUG_INFO = NO;
				SDKROOT = iphoneos;
				SWIFT_COMPILATION_MODE = wholemodule;
				SWIFT_OPTIMIZATION_LEVEL = "-O";
				VALIDATE_PRODUCT = YES;
			};
			name = Release;
		};
		F7E3622E20BC0953001C53E1 /* Debug */ = {
			isa = XCBuildConfiguration;
			buildSettings = {
				ASSETCATALOG_COMPILER_APPICON_NAME = AppIcon;
				CODE_SIGN_STYLE = Automatic;
				DEVELOPMENT_TEAM = B5Y5BFV894;
				INFOPLIST_FILE = KJSwipeButton/Info.plist;
				LD_RUNPATH_SEARCH_PATHS = (
					"$(inherited)",
					"@executable_path/Frameworks",
				);
				PRODUCT_BUNDLE_IDENTIFIER = com.artifex.KJSwipeButton;
				PRODUCT_NAME = "$(TARGET_NAME)";
				SWIFT_VERSION = 4.0;
				TARGETED_DEVICE_FAMILY = "1,2";
			};
			name = Debug;
		};
		F7E3622F20BC0953001C53E1 /* Release */ = {
			isa = XCBuildConfiguration;
			buildSettings = {
				ASSETCATALOG_COMPILER_APPICON_NAME = AppIcon;
				CODE_SIGN_STYLE = Automatic;
				DEVELOPMENT_TEAM = B5Y5BFV894;
				INFOPLIST_FILE = KJSwipeButton/Info.plist;
				LD_RUNPATH_SEARCH_PATHS = (
					"$(inherited)",
					"@executable_path/Frameworks",
				);
				PRODUCT_BUNDLE_IDENTIFIER = com.artifex.KJSwipeButton;
				PRODUCT_NAME = "$(TARGET_NAME)";
				SWIFT_VERSION = 4.0;
				TARGETED_DEVICE_FAMILY = "1,2";
			};
			name = Release;
		};
		F7E3623120BC0953001C53E1 /* Debug */ = {
			isa = XCBuildConfiguration;
			buildSettings = {
				ALWAYS_EMBED_SWIFT_STANDARD_LIBRARIES = YES;
				BUNDLE_LOADER = "$(TEST_HOST)";
				CODE_SIGN_STYLE = Automatic;
				DEVELOPMENT_TEAM = B5Y5BFV894;
				INFOPLIST_FILE = KJSwipeButtonTests/Info.plist;
				LD_RUNPATH_SEARCH_PATHS = (
					"$(inherited)",
					"@executable_path/Frameworks",
					"@loader_path/Frameworks",
				);
				PRODUCT_BUNDLE_IDENTIFIER = com.artifex.KJSwipeButtonTests;
				PRODUCT_NAME = "$(TARGET_NAME)";
				SWIFT_VERSION = 4.0;
				TARGETED_DEVICE_FAMILY = "1,2";
				TEST_HOST = "$(BUILT_PRODUCTS_DIR)/KJSwipeButton.app/KJSwipeButton";
			};
			name = Debug;
		};
		F7E3623220BC0953001C53E1 /* Release */ = {
			isa = XCBuildConfiguration;
			buildSettings = {
				ALWAYS_EMBED_SWIFT_STANDARD_LIBRARIES = YES;
				BUNDLE_LOADER = "$(TEST_HOST)";
				CODE_SIGN_STYLE = Automatic;
				DEVELOPMENT_TEAM = B5Y5BFV894;
				INFOPLIST_FILE = KJSwipeButtonTests/Info.plist;
				LD_RUNPATH_SEARCH_PATHS = (
					"$(inherited)",
					"@executable_path/Frameworks",
					"@loader_path/Frameworks",
				);
				PRODUCT_BUNDLE_IDENTIFIER = com.artifex.KJSwipeButtonTests;
				PRODUCT_NAME = "$(TARGET_NAME)";
				SWIFT_VERSION = 4.0;
				TARGETED_DEVICE_FAMILY = "1,2";
				TEST_HOST = "$(BUILT_PRODUCTS_DIR)/KJSwipeButton.app/KJSwipeButton";
			};
			name = Release;
		};
		F7E3623420BC0953001C53E1 /* Debug */ = {
			isa = XCBuildConfiguration;
			buildSettings = {
				ALWAYS_EMBED_SWIFT_STANDARD_LIBRARIES = YES;
				CODE_SIGN_STYLE = Automatic;
				DEVELOPMENT_TEAM = B5Y5BFV894;
				INFOPLIST_FILE = KJSwipeButtonUITests/Info.plist;
				LD_RUNPATH_SEARCH_PATHS = (
					"$(inherited)",
					"@executable_path/Frameworks",
					"@loader_path/Frameworks",
				);
				PRODUCT_BUNDLE_IDENTIFIER = com.artifex.KJSwipeButtonUITests;
				PRODUCT_NAME = "$(TARGET_NAME)";
				SWIFT_VERSION = 4.0;
				TARGETED_DEVICE_FAMILY = "1,2";
				TEST_TARGET_NAME = KJSwipeButton;
			};
			name = Debug;
		};
		F7E3623520BC0953001C53E1 /* Release */ = {
			isa = XCBuildConfiguration;
			buildSettings = {
				ALWAYS_EMBED_SWIFT_STANDARD_LIBRARIES = YES;
				CODE_SIGN_STYLE = Automatic;
				DEVELOPMENT_TEAM = B5Y5BFV894;
				INFOPLIST_FILE = KJSwipeButtonUITests/Info.plist;
				LD_RUNPATH_SEARCH_PATHS = (
					"$(inherited)",
					"@executable_path/Frameworks",
					"@loader_path/Frameworks",
				);
				PRODUCT_BUNDLE_IDENTIFIER = com.artifex.KJSwipeButtonUITests;
				PRODUCT_NAME = "$(TARGET_NAME)";
				SWIFT_VERSION = 4.0;
				TARGETED_DEVICE_FAMILY = "1,2";
				TEST_TARGET_NAME = KJSwipeButton;
			};
			name = Release;
		};
/* End XCBuildConfiguration section */

/* Begin XCConfigurationList section */
		F7E3620020BC094D001C53E1 /* Build configuration list for PBXProject "KJSwipeButton" */ = {
			isa = XCConfigurationList;
			buildConfigurations = (
				F7E3622B20BC0953001C53E1 /* Debug */,
				F7E3622C20BC0953001C53E1 /* Release */,
			);
			defaultConfigurationIsVisible = 0;
			defaultConfigurationName = Release;
		};
		F7E3622D20BC0953001C53E1 /* Build configuration list for PBXNativeTarget "KJSwipeButton" */ = {
			isa = XCConfigurationList;
			buildConfigurations = (
				F7E3622E20BC0953001C53E1 /* Debug */,
				F7E3622F20BC0953001C53E1 /* Release */,
			);
			defaultConfigurationIsVisible = 0;
			defaultConfigurationName = Release;
		};
		F7E3623020BC0953001C53E1 /* Build configuration list for PBXNativeTarget "KJSwipeButtonTests" */ = {
			isa = XCConfigurationList;
			buildConfigurations = (
				F7E3623120BC0953001C53E1 /* Debug */,
				F7E3623220BC0953001C53E1 /* Release */,
			);
			defaultConfigurationIsVisible = 0;
			defaultConfigurationName = Release;
		};
		F7E3623320BC0953001C53E1 /* Build configuration list for PBXNativeTarget "KJSwipeButtonUITests" */ = {
			isa = XCConfigurationList;
			buildConfigurations = (
				F7E3623420BC0953001C53E1 /* Debug */,
				F7E3623520BC0953001C53E1 /* Release */,
			);
			defaultConfigurationIsVisible = 0;
			defaultConfigurationName = Release;
		};
/* End XCConfigurationList section */
	};
	rootObject = F7E361FD20BC094D001C53E1 /* Project object */;
}
